// !$*UTF8*$!
{
	archiveVersion = 1;
	classes = {
	};
	objectVersion = 56;
	objects = {

/* Begin PBXBuildFile section */
		68C22D882A93F52B001FFFD5 /* AppDelegate.swift in Sources */ = {isa = PBXBuildFile; fileRef = 68C22D872A93F52B001FFFD5 /* AppDelegate.swift */; };
		68C22D8A2A93F52B001FFFD5 /* SceneDelegate.swift in Sources */ = {isa = PBXBuildFile; fileRef = 68C22D892A93F52B001FFFD5 /* SceneDelegate.swift */; };
		68C22D8C2A93F52B001FFFD5 /* ViewController.swift in Sources */ = {isa = PBXBuildFile; fileRef = 68C22D8B2A93F52B001FFFD5 /* ViewController.swift */; };
		68C22D8F2A93F52B001FFFD5 /* Main.storyboard in Resources */ = {isa = PBXBuildFile; fileRef = 68C22D8D2A93F52B001FFFD5 /* Main.storyboard */; };
		68C22D912A93F52C001FFFD5 /* Assets.xcassets in Resources */ = {isa = PBXBuildFile; fileRef = 68C22D902A93F52C001FFFD5 /* Assets.xcassets */; };
		68C22D942A93F52C001FFFD5 /* LaunchScreen.storyboard in Resources */ = {isa = PBXBuildFile; fileRef = 68C22D922A93F52C001FFFD5 /* LaunchScreen.storyboard */; };
		68DFFE282A9751F9000B2198 /* CsXibVC.swift in Sources */ = {isa = PBXBuildFile; fileRef = 68DFFE272A9751F9000B2198 /* CsXibVC.swift */; };
		68DFFE2A2A975207000B2198 /* CsCodeVC.swift in Sources */ = {isa = PBXBuildFile; fileRef = 68DFFE292A975207000B2198 /* CsCodeVC.swift */; };
		68DFFE2C2A97520A000B2198 /* CsSfUiVC.swift in Sources */ = {isa = PBXBuildFile; fileRef = 68DFFE2B2A97520A000B2198 /* CsSfUiVC.swift */; };
		68DFFE2E2A97539A000B2198 /* Extension.swift in Sources */ = {isa = PBXBuildFile; fileRef = 68DFFE2D2A97539A000B2198 /* Extension.swift */; };
/* End PBXBuildFile section */

/* Begin PBXFileReference section */
		68C22D842A93F52B001FFFD5 /* CustomAlert.app */ = {isa = PBXFileReference; explicitFileType = wrapper.application; includeInIndex = 0; path = CustomAlert.app; sourceTree = BUILT_PRODUCTS_DIR; };
		68C22D872A93F52B001FFFD5 /* AppDelegate.swift */ = {isa = PBXFileReference; lastKnownFileType = sourcecode.swift; path = AppDelegate.swift; sourceTree = "<group>"; };
		68C22D892A93F52B001FFFD5 /* SceneDelegate.swift */ = {isa = PBXFileReference; lastKnownFileType = sourcecode.swift; path = SceneDelegate.swift; sourceTree = "<group>"; };
		68C22D8B2A93F52B001FFFD5 /* ViewController.swift */ = {isa = PBXFileReference; lastKnownFileType = sourcecode.swift; path = ViewController.swift; sourceTree = "<group>"; };
		68C22D8E2A93F52B001FFFD5 /* Base */ = {isa = PBXFileReference; lastKnownFileType = file.storyboard; name = Base; path = Base.lproj/Main.storyboard; sourceTree = "<group>"; };
		68C22D902A93F52C001FFFD5 /* Assets.xcassets */ = {isa = PBXFileReference; lastKnownFileType = folder.assetcatalog; path = Assets.xcassets; sourceTree = "<group>"; };
		68C22D932A93F52C001FFFD5 /* Base */ = {isa = PBXFileReference; lastKnownFileType = file.storyboard; name = Base; path = Base.lproj/LaunchScreen.storyboard; sourceTree = "<group>"; };
		68C22D952A93F52C001FFFD5 /* Info.plist */ = {isa = PBXFileReference; lastKnownFileType = text.plist.xml; path = Info.plist; sourceTree = "<group>"; };
		68DFFE272A9751F9000B2198 /* CsXibVC.swift */ = {isa = PBXFileReference; lastKnownFileType = sourcecode.swift; path = CsXibVC.swift; sourceTree = "<group>"; };
		68DFFE292A975207000B2198 /* CsCodeVC.swift */ = {isa = PBXFileReference; lastKnownFileType = sourcecode.swift; path = CsCodeVC.swift; sourceTree = "<group>"; };
		68DFFE2B2A97520A000B2198 /* CsSfUiVC.swift */ = {isa = PBXFileReference; lastKnownFileType = sourcecode.swift; path = CsSfUiVC.swift; sourceTree = "<group>"; };
		68DFFE2D2A97539A000B2198 /* Extension.swift */ = {isa = PBXFileReference; lastKnownFileType = sourcecode.swift; path = Extension.swift; sourceTree = "<group>"; };
/* End PBXFileReference section */

/* Begin PBXFrameworksBuildPhase section */
		68C22D812A93F52B001FFFD5 /* Frameworks */ = {
			isa = PBXFrameworksBuildPhase;
			buildActionMask = 2147483647;
			files = (
			);
			runOnlyForDeploymentPostprocessing = 0;
		};
/* End PBXFrameworksBuildPhase section */

/* Begin PBXGroup section */
		68C22D7B2A93F52B001FFFD5 = {
			isa = PBXGroup;
			children = (
				68C22D862A93F52B001FFFD5 /* CustomAlert */,
				68C22D852A93F52B001FFFD5 /* Products */,
			);
			sourceTree = "<group>";
		};
		68C22D852A93F52B001FFFD5 /* Products */ = {
			isa = PBXGroup;
			children = (
				68C22D842A93F52B001FFFD5 /* CustomAlert.app */,
			);
			name = Products;
			sourceTree = "<group>";
		};
		68C22D862A93F52B001FFFD5 /* CustomAlert */ = {
			isa = PBXGroup;
			children = (
				68C22D872A93F52B001FFFD5 /* AppDelegate.swift */,
				68C22D892A93F52B001FFFD5 /* SceneDelegate.swift */,
				68C22D8B2A93F52B001FFFD5 /* ViewController.swift */,
				68DFFE2D2A97539A000B2198 /* Extension.swift */,
				68DFFE262A9751DD000B2198 /* CsVCs */,
				68C22D8D2A93F52B001FFFD5 /* Main.storyboard */,
				68C22D902A93F52C001FFFD5 /* Assets.xcassets */,
				68C22D922A93F52C001FFFD5 /* LaunchScreen.storyboard */,
				68C22D952A93F52C001FFFD5 /* Info.plist */,
			);
			path = CustomAlert;
			sourceTree = "<group>";
		};
		68DFFE262A9751DD000B2198 /* CsVCs */ = {
			isa = PBXGroup;
			children = (
				68DFFE292A975207000B2198 /* CsCodeVC.swift */,
				68DFFE2B2A97520A000B2198 /* CsSfUiVC.swift */,
				68DFFE272A9751F9000B2198 /* CsXibVC.swift */,
			);
			path = CsVCs;
			sourceTree = "<group>";
		};
/* End PBXGroup section */

/* Begin PBXNativeTarget section */
		68C22D832A93F52B001FFFD5 /* CustomAlert */ = {
			isa = PBXNativeTarget;
			buildConfigurationList = 68C22D982A93F52C001FFFD5 /* Build configuration list for PBXNativeTarget "CustomAlert" */;
			buildPhases = (
				68C22D802A93F52B001FFFD5 /* Sources */,
				68C22D812A93F52B001FFFD5 /* Frameworks */,
				68C22D822A93F52B001FFFD5 /* Resources */,
			);
			buildRules = (
			);
			dependencies = (
			);
			name = CustomAlert;
			productName = CustomAlert;
			productReference = 68C22D842A93F52B001FFFD5 /* CustomAlert.app */;
			productType = "com.apple.product-type.application";
		};
/* End PBXNativeTarget section */

/* Begin PBXProject section */
		68C22D7C2A93F52B001FFFD5 /* Project object */ = {
			isa = PBXProject;
			attributes = {
				BuildIndependentTargetsInParallel = 1;
				LastSwiftUpdateCheck = 1430;
				LastUpgradeCheck = 1430;
				TargetAttributes = {
					68C22D832A93F52B001FFFD5 = {
						CreatedOnToolsVersion = 14.3.1;
					};
				};
			};
			buildConfigurationList = 68C22D7F2A93F52B001FFFD5 /* Build configuration list for PBXProject "CustomAlert" */;
			compatibilityVersion = "Xcode 14.0";
			developmentRegion = en;
			hasScannedForEncodings = 0;
			knownRegions = (
				en,
				Base,
			);
			mainGroup = 68C22D7B2A93F52B001FFFD5;
			productRefGroup = 68C22D852A93F52B001FFFD5 /* Products */;
			projectDirPath = "";
			projectRoot = "";
			targets = (
				68C22D832A93F52B001FFFD5 /* CustomAlert */,
			);
		};
/* End PBXProject section */

/* Begin PBXResourcesBuildPhase section */
		68C22D822A93F52B001FFFD5 /* Resources */ = {
			isa = PBXResourcesBuildPhase;
			buildActionMask = 2147483647;
			files = (
				68C22D942A93F52C001FFFD5 /* LaunchScreen.storyboard in Resources */,
				68C22D912A93F52C001FFFD5 /* Assets.xcassets in Resources */,
				68C22D8F2A93F52B001FFFD5 /* Main.storyboard in Resources */,
			);
			runOnlyForDeploymentPostprocessing = 0;
		};
/* End PBXResourcesBuildPhase section */

/* Begin PBXSourcesBuildPhase section */
		68C22D802A93F52B001FFFD5 /* Sources */ = {
			isa = PBXSourcesBuildPhase;
			buildActionMask = 2147483647;
			files = (
				68DFFE2C2A97520A000B2198 /* CsSfUiVC.swift in Sources */,
				68C22D8C2A93F52B001FFFD5 /* ViewController.swift in Sources */,
				68DFFE2E2A97539A000B2198 /* Extension.swift in Sources */,
				68C22D882A93F52B001FFFD5 /* AppDelegate.swift in Sources */,
				68DFFE282A9751F9000B2198 /* CsXibVC.swift in Sources */,
				68DFFE2A2A975207000B2198 /* CsCodeVC.swift in Sources */,
				68C22D8A2A93F52B001FFFD5 /* SceneDelegate.swift in Sources */,
			);
			runOnlyForDeploymentPostprocessing = 0;
		};
/* End PBXSourcesBuildPhase section */

/* Begin PBXVariantGroup section */
		68C22D8D2A93F52B001FFFD5 /* Main.storyboard */ = {
			isa = PBXVariantGroup;
			children = (
				68C22D8E2A93F52B001FFFD5 /* Base */,
			);
			name = Main.storyboard;
			sourceTree = "<group>";
		};
		68C22D922A93F52C001FFFD5 /* LaunchScreen.storyboard */ = {
			isa = PBXVariantGroup;
			children = (
				68C22D932A93F52C001FFFD5 /* Base */,
			);
			name = LaunchScreen.storyboard;
			sourceTree = "<group>";
		};
/* End PBXVariantGroup section */

/* Begin XCBuildConfiguration section */
		68C22D962A93F52C001FFFD5 /* Debug */ = {
			isa = XCBuildConfiguration;
			buildSettings = {
				ALWAYS_SEARCH_USER_PATHS = NO;
				CLANG_ANALYZER_NONNULL = YES;
				CLANG_ANALYZER_NUMBER_OBJECT_CONVERSION = YES_AGGRESSIVE;
				CLANG_CXX_LANGUAGE_STANDARD = "gnu++20";
				CLANG_ENABLE_MODULES = YES;
				CLANG_ENABLE_OBJC_ARC = YES;
				CLANG_ENABLE_OBJC_WEAK = YES;
				CLANG_WARN_BLOCK_CAPTURE_AUTORELEASING = YES;
				CLANG_WARN_BOOL_CONVERSION = YES;
				CLANG_WARN_COMMA = YES;
				CLANG_WARN_CONSTANT_CONVERSION = YES;
				CLANG_WARN_DEPRECATED_OBJC_IMPLEMENTATIONS = YES;
				CLANG_WARN_DIRECT_OBJC_ISA_USAGE = YES_ERROR;
				CLANG_WARN_DOCUMENTATION_COMMENTS = YES;
				CLANG_WARN_EMPTY_BODY = YES;
				CLANG_WARN_ENUM_CONVERSION = YES;
				CLANG_WARN_INFINITE_RECURSION = YES;
				CLANG_WARN_INT_CONVERSION = YES;
				CLANG_WARN_NON_LITERAL_NULL_CONVERSION = YES;
				CLANG_WARN_OBJC_IMPLICIT_RETAIN_SELF = YES;
				CLANG_WARN_OBJC_LITERAL_CONVERSION = YES;
				CLANG_WARN_OBJC_ROOT_CLASS = YES_ERROR;
				CLANG_WARN_QUOTED_INCLUDE_IN_FRAMEWORK_HEADER = YES;
				CLANG_WARN_RANGE_LOOP_ANALYSIS = YES;
				CLANG_WARN_STRICT_PROTOTYPES = YES;
				CLANG_WARN_SUSPICIOUS_MOVE = YES;
				CLANG_WARN_UNGUARDED_AVAILABILITY = YES_AGGRESSIVE;
				CLANG_WARN_UNREACHABLE_CODE = YES;
				CLANG_WARN__DUPLICATE_METHOD_MATCH = YES;
				COPY_PHASE_STRIP = NO;
				DEBUG_INFORMATION_FORMAT = dwarf;
				ENABLE_STRICT_OBJC_MSGSEND = YES;
				ENABLE_TESTABILITY = YES;
				GCC_C_LANGUAGE_STANDARD = gnu11;
				GCC_DYNAMIC_NO_PIC = NO;
				GCC_NO_COMMON_BLOCKS = YES;
				GCC_OPTIMIZATION_LEVEL = 0;
				GCC_PREPROCESSOR_DEFINITIONS = (
					"DEBUG=1",
					"$(inherited)",
				);
				GCC_WARN_64_TO_32_BIT_CONVERSION = YES;
				GCC_WARN_ABOUT_RETURN_TYPE = YES_ERROR;
				GCC_WARN_UNDECLARED_SELECTOR = YES;
				GCC_WARN_UNINITIALIZED_AUTOS = YES_AGGRESSIVE;
				GCC_WARN_UNUSED_FUNCTION = YES;
				GCC_WARN_UNUSED_VARIABLE = YES;
				IPHONEOS_DEPLOYMENT_TARGET = 16.4;
				MTL_ENABLE_DEBUG_INFO = INCLUDE_SOURCE;
				MTL_FAST_MATH = YES;
				ONLY_ACTIVE_ARCH = YES;
				SDKROOT = iphoneos;
				SWIFT_ACTIVE_COMPILATION_CONDITIONS = DEBUG;
				SWIFT_OPTIMIZATION_LEVEL = "-Onone";
			};
			name = Debug;
		};
		68C22D972A93F52C001FFFD5 /* Release */ = {
			isa = XCBuildConfiguration;
			buildSettings = {
				ALWAYS_SEARCH_USER_PATHS = NO;
				CLANG_ANALYZER_NONNULL = YES;
				CLANG_ANALYZER_NUMBER_OBJECT_CONVERSION = YES_AGGRESSIVE;
				CLANG_CXX_LANGUAGE_STANDARD = "gnu++20";
				CLANG_ENABLE_MODULES = YES;
				CLANG_ENABLE_OBJC_ARC = YES;
				CLANG_ENABLE_OBJC_WEAK = YES;
				CLANG_WARN_BLOCK_CAPTURE_AUTORELEASING = YES;
				CLANG_WARN_BOOL_CONVERSION = YES;
				CLANG_WARN_COMMA = YES;
				CLANG_WARN_CONSTANT_CONVERSION = YES;
				CLANG_WARN_DEPRECATED_OBJC_IMPLEMENTATIONS = YES;
				CLANG_WARN_DIRECT_OBJC_ISA_USAGE = YES_ERROR;
				CLANG_WARN_DOCUMENTATION_COMMENTS = YES;
				CLANG_WARN_EMPTY_BODY = YES;
				CLANG_WARN_ENUM_CONVERSION = YES;
				CLANG_WARN_INFINITE_RECURSION = YES;
				CLANG_WARN_INT_CONVERSION = YES;
				CLANG_WARN_NON_LITERAL_NULL_CONVERSION = YES;
				CLANG_WARN_OBJC_IMPLICIT_RETAIN_SELF = YES;
				CLANG_WARN_OBJC_LITERAL_CONVERSION = YES;
				CLANG_WARN_OBJC_ROOT_CLASS = YES_ERROR;
				CLANG_WARN_QUOTED_INCLUDE_IN_FRAMEWORK_HEADER = YES;
				CLANG_WARN_RANGE_LOOP_ANALYSIS = YES;
				CLANG_WARN_STRICT_PROTOTYPES = YES;
				CLANG_WARN_SUSPICIOUS_MOVE = YES;
				CLANG_WARN_UNGUARDED_AVAILABILITY = YES_AGGRESSIVE;
				CLANG_WARN_UNREACHABLE_CODE = YES;
				CLANG_WARN__DUPLICATE_METHOD_MATCH = YES;
				COPY_PHASE_STRIP = NO;
				DEBUG_INFORMATION_FORMAT = "dwarf-with-dsym";
				ENABLE_NS_ASSERTIONS = NO;
				ENABLE_STRICT_OBJC_MSGSEND = YES;
				GCC_C_LANGUAGE_STANDARD = gnu11;
				GCC_NO_COMMON_BLOCKS = YES;
				GCC_WARN_64_TO_32_BIT_CONVERSION = YES;
				GCC_WARN_ABOUT_RETURN_TYPE = YES_ERROR;
				GCC_WARN_UNDECLARED_SELECTOR = YES;
				GCC_WARN_UNINITIALIZED_AUTOS = YES_AGGRESSIVE;
				GCC_WARN_UNUSED_FUNCTION = YES;
				GCC_WARN_UNUSED_VARIABLE = YES;
				IPHONEOS_DEPLOYMENT_TARGET = 16.4;
				MTL_ENABLE_DEBUG_INFO = NO;
				MTL_FAST_MATH = YES;
				SDKROOT = iphoneos;
				SWIFT_COMPILATION_MODE = wholemodule;
				SWIFT_OPTIMIZATION_LEVEL = "-O";
				VALIDATE_PRODUCT = YES;
			};
			name = Release;
		};
		68C22D992A93F52C001FFFD5 /* Debug */ = {
			isa = XCBuildConfiguration;
			buildSettings = {
				ASSETCATALOG_COMPILER_APPICON_NAME = AppIcon;
				ASSETCATALOG_COMPILER_GLOBAL_ACCENT_COLOR_NAME = AccentColor;
				CODE_SIGN_STYLE = Automatic;
				CURRENT_PROJECT_VERSION = 1;
				DEVELOPMENT_TEAM = X2BFJ3XDTG;
				GENERATE_INFOPLIST_FILE = YES;
				INFOPLIST_FILE = CustomAlert/Info.plist;
				INFOPLIST_KEY_UIApplicationSupportsIndirectInputEvents = YES;
				INFOPLIST_KEY_UILaunchStoryboardName = LaunchScreen;
				INFOPLIST_KEY_UIMainStoryboardFile = Main;
				INFOPLIST_KEY_UISupportedInterfaceOrientations_iPad = "UIInterfaceOrientationPortrait UIInterfaceOrientationPortraitUpsideDown UIInterfaceOrientationLandscapeLeft UIInterfaceOrientationLandscapeRight";
				INFOPLIST_KEY_UISupportedInterfaceOrientations_iPhone = "UIInterfaceOrientationPortrait UIInterfaceOrientationLandscapeLeft UIInterfaceOrientationLandscapeRight";
				LD_RUNPATH_SEARCH_PATHS = (
					"$(inherited)",
					"@executable_path/Frameworks",
				);
				MARKETING_VERSION = 1.0;
				PRODUCT_BUNDLE_IDENTIFIER = com.jh.test.CustomAlert;
				PRODUCT_NAME = "$(TARGET_NAME)";
				SWIFT_EMIT_LOC_STRINGS = YES;
				SWIFT_VERSION = 5.0;
				TARGETED_DEVICE_FAMILY = "1,2";
			};
			name = Debug;
		};
		68C22D9A2A93F52C001FFFD5 /* Release */ = {
			isa = XCBuildConfiguration;
			buildSettings = {
				ASSETCATALOG_COMPILER_APPICON_NAME = AppIcon;
				ASSETCATALOG_COMPILER_GLOBAL_ACCENT_COLOR_NAME = AccentColor;
				CODE_SIGN_STYLE = Automatic;
				CURRENT_PROJECT_VERSION = 1;
				DEVELOPMENT_TEAM = X2BFJ3XDTG;
				GENERATE_INFOPLIST_FILE = YES;
				INFOPLIST_FILE = CustomAlert/Info.plist;
				INFOPLIST_KEY_UIApplicationSupportsIndirectInputEvents = YES;
				INFOPLIST_KEY_UILaunchStoryboardName = LaunchScreen;
				INFOPLIST_KEY_UIMainStoryboardFile = Main;
				INFOPLIST_KEY_UISupportedInterfaceOrientations_iPad = "UIInterfaceOrientationPortrait UIInterfaceOrientationPortraitUpsideDown UIInterfaceOrientationLandscapeLeft UIInterfaceOrientationLandscapeRight";
				INFOPLIST_KEY_UISupportedInterfaceOrientations_iPhone = "UIInterfaceOrientationPortrait UIInterfaceOrientationLandscapeLeft UIInterfaceOrientationLandscapeRight";
				LD_RUNPATH_SEARCH_PATHS = (
					"$(inherited)",
					"@executable_path/Frameworks",
				);
				MARKETING_VERSION = 1.0;
				PRODUCT_BUNDLE_IDENTIFIER = com.jh.test.CustomAlert;
				PRODUCT_NAME = "$(TARGET_NAME)";
				SWIFT_EMIT_LOC_STRINGS = YES;
				SWIFT_VERSION = 5.0;
				TARGETED_DEVICE_FAMILY = "1,2";
			};
			name = Release;
		};
/* End XCBuildConfiguration section */

/* Begin XCConfigurationList section */
		68C22D7F2A93F52B001FFFD5 /* Build configuration list for PBXProject "CustomAlert" */ = {
			isa = XCConfigurationList;
			buildConfigurations = (
				68C22D962A93F52C001FFFD5 /* Debug */,
				68C22D972A93F52C001FFFD5 /* Release */,
			);
			defaultConfigurationIsVisible = 0;
			defaultConfigurationName = Release;
		};
		68C22D982A93F52C001FFFD5 /* Build configuration list for PBXNativeTarget "CustomAlert" */ = {
			isa = XCConfigurationList;
			buildConfigurations = (
				68C22D992A93F52C001FFFD5 /* Debug */,
				68C22D9A2A93F52C001FFFD5 /* Release */,
			);
			defaultConfigurationIsVisible = 0;
			defaultConfigurationName = Release;
		};
/* End XCConfigurationList section */
	};
	rootObject = 68C22D7C2A93F52B001FFFD5 /* Project object */;
}
